
Microsoft Visual Studio Solution File, Format Version 12.00
# Visual Studio Version 17
VisualStudioVersion = 17.5.33516.290
MinimumVisualStudioVersion = 10.0.40219.1
Project("{FAE04EC0-301F-11D3-BF4B-00C04F79EFBC}") = "Chair", "Chair\Chair.csproj", "{CB00DDF9-26B8-4EA5-8BE9-C0A224BD670B}"
EndProject
Project("{FAE04EC0-301F-11D3-BF4B-00C04F79EFBC}") = "Chair.BLL", "Chair.BLL\Chair.BLL.csproj", "{10A355FE-6D7D-4607-8C60-9DB1E1A495E1}"
EndProject
Project("{FAE04EC0-301F-11D3-BF4B-00C04F79EFBC}") = "Chair.DAL", "Chair.DAL\Chair.DAL.csproj", "{03678325-DDF6-4BF4-AC6E-2EF2D7EE69A6}"
EndProject
Project("{FAE04EC0-301F-11D3-BF4B-00C04F79EFBC}") = "opr_lib", "..\..\..\OneDrive\Рабочий стол\OPR\opr_lib\opr_lib.csproj", "{C375F94A-9197-4881-AF8A-1F233B4B950A}"
EndProject
Global
	GlobalSection(SolutionConfigurationPlatforms) = preSolution
		Debug|Any CPU = Debug|Any CPU
		Release|Any CPU = Release|Any CPU
	EndGlobalSection
	GlobalSection(ProjectConfigurationPlatforms) = postSolution
		{CB00DDF9-26B8-4EA5-8BE9-C0A224BD670B}.Debug|Any CPU.ActiveCfg = Debug|Any CPU
		{CB00DDF9-26B8-4EA5-8BE9-C0A224BD670B}.Debug|Any CPU.Build.0 = Debug|Any CPU
		{CB00DDF9-26B8-4EA5-8BE9-C0A224BD670B}.Release|Any CPU.ActiveCfg = Release|Any CPU
		{CB00DDF9-26B8-4EA5-8BE9-C0A224BD670B}.Release|Any CPU.Build.0 = Release|Any CPU
		{10A355FE-6D7D-4607-8C60-9DB1E1A495E1}.Debug|Any CPU.ActiveCfg = Debug|Any CPU
		{10A355FE-6D7D-4607-8C60-9DB1E1A495E1}.Debug|Any CPU.Build.0 = Debug|Any CPU
		{10A355FE-6D7D-4607-8C60-9DB1E1A495E1}.Release|Any CPU.ActiveCfg = Release|Any CPU
		{10A355FE-6D7D-4607-8C60-9DB1E1A495E1}.Release|Any CPU.Build.0 = Release|Any CPU
		{03678325-DDF6-4BF4-AC6E-2EF2D7EE69A6}.Debug|Any CPU.ActiveCfg = Debug|Any CPU
		{03678325-DDF6-4BF4-AC6E-2EF2D7EE69A6}.Debug|Any CPU.Build.0 = Debug|Any CPU
		{03678325-DDF6-4BF4-AC6E-2EF2D7EE69A6}.Release|Any CPU.ActiveCfg = Release|Any CPU
		{03678325-DDF6-4BF4-AC6E-2EF2D7EE69A6}.Release|Any CPU.Build.0 = Release|Any CPU
		{C375F94A-9197-4881-AF8A-1F233B4B950A}.Debug|Any CPU.ActiveCfg = Debug|Any CPU
		{C375F94A-9197-4881-AF8A-1F233B4B950A}.Debug|Any CPU.Build.0 = Debug|Any CPU
		{C375F94A-9197-4881-AF8A-1F233B4B950A}.Release|Any CPU.ActiveCfg = Release|Any CPU
		{C375F94A-9197-4881-AF8A-1F233B4B950A}.Release|Any CPU.Build.0 = Release|Any CPU
	EndGlobalSection
	GlobalSection(SolutionProperties) = preSolution
		HideSolutionNode = FALSE
	EndGlobalSection
	GlobalSection(ExtensibilityGlobals) = postSolution
		SolutionGuid = {E319FB65-048A-4B14-A806-0B311E2C3633}
	EndGlobalSection
EndGlobal
